
Microsoft Visual Studio Solution File, Format Version 12.00
# Visual Studio Version 17
VisualStudioVersion = 17.14.36327.8 d17.14
MinimumVisualStudioVersion = 10.0.40219.1
Project("{FAE04EC0-301F-11D3-BF4B-00C04F79EFBC}") = "Zion", "Zion.csproj", "{CFB2BCD4-369D-4152-84C1-F8B0F3A49999}"
EndProject
Global
	GlobalSection(SolutionConfigurationPlatforms) = preSolution
		Debug|Any CPU = Debug|Any CPU
		Release|Any CPU = Release|Any CPU
	EndGlobalSection
	GlobalSection(ProjectConfigurationPlatforms) = postSolution
		{CFB2BCD4-369D-4152-84C1-F8B0F3A49999}.Debug|Any CPU.ActiveCfg = Debug|Any CPU
		{CFB2BCD4-369D-4152-84C1-F8B0F3A49999}.Debug|Any CPU.Build.0 = Debug|Any CPU
		{CFB2BCD4-369D-4152-84C1-F8B0F3A49999}.Release|Any CPU.ActiveCfg = Release|Any CPU
		{CFB2BCD4-369D-4152-84C1-F8B0F3A49999}.Release|Any CPU.Build.0 = Release|Any CPU
	EndGlobalSection
	GlobalSection(SolutionProperties) = preSolution
		HideSolutionNode = FALSE
	EndGlobalSection
	GlobalSection(ExtensibilityGlobals) = postSolution
		SolutionGuid = {DD7CD0D5-DE20-4915-9AD0-6F514D769AB4}
	EndGlobalSection
EndGlobal
